
Microsoft Visual Studio Solution File, Format Version 12.00
# Visual Studio Version 17
VisualStudioVersion = 17.4.33122.133
MinimumVisualStudioVersion = 10.0.40219.1
Project("{FAE04EC0-301F-11D3-BF4B-00C04F79EFBC}") = "WebApplication1", "WebApplication1\WebApplication1.csproj", "{36B11D3D-7AAB-442B-BD96-370FF69B1B83}"
EndProject
Project("{FAE04EC0-301F-11D3-BF4B-00C04F79EFBC}") = "DB_connect", "DB_connect\DB_connect.csproj", "{25015571-FCC4-47C4-B5DD-88E3083375C0}"
EndProject
Global
	GlobalSection(SolutionConfigurationPlatforms) = preSolution
		Debug|Any CPU = Debug|Any CPU
		Release|Any CPU = Release|Any CPU
	EndGlobalSection
	GlobalSection(ProjectConfigurationPlatforms) = postSolution
		{36B11D3D-7AAB-442B-BD96-370FF69B1B83}.Debug|Any CPU.ActiveCfg = Debug|Any CPU
		{36B11D3D-7AAB-442B-BD96-370FF69B1B83}.Debug|Any CPU.Build.0 = Debug|Any CPU
		{36B11D3D-7AAB-442B-BD96-370FF69B1B83}.Release|Any CPU.ActiveCfg = Release|Any CPU
		{36B11D3D-7AAB-442B-BD96-370FF69B1B83}.Release|Any CPU.Build.0 = Release|Any CPU
		{25015571-FCC4-47C4-B5DD-88E3083375C0}.Debug|Any CPU.ActiveCfg = Debug|Any CPU
		{25015571-FCC4-47C4-B5DD-88E3083375C0}.Debug|Any CPU.Build.0 = Debug|Any CPU
		{25015571-FCC4-47C4-B5DD-88E3083375C0}.Release|Any CPU.ActiveCfg = Release|Any CPU
		{25015571-FCC4-47C4-B5DD-88E3083375C0}.Release|Any CPU.Build.0 = Release|Any CPU
	EndGlobalSection
	GlobalSection(SolutionProperties) = preSolution
		HideSolutionNode = FALSE
	EndGlobalSection
	GlobalSection(ExtensibilityGlobals) = postSolution
		SolutionGuid = {7C1F222A-BD28-468F-B69F-56E25524156A}
	EndGlobalSection
EndGlobal
