
Microsoft Visual Studio Solution File, Format Version 12.00
# Visual Studio Version 17
VisualStudioVersion = 17.4.33122.133
MinimumVisualStudioVersion = 10.0.40219.1
Project("{FAE04EC0-301F-11D3-BF4B-00C04F79EFBC}") = "APIServer", "APIServer\APIServer.csproj", "{311F2B01-9472-428E-A284-BA1E7A0E7917}"
EndProject
Project("{FAE04EC0-301F-11D3-BF4B-00C04F79EFBC}") = "DB", "DB\DB.csproj", "{FE46071D-7934-4D2B-9AE9-6FEA5FD61AAD}"
EndProject
Global
	GlobalSection(SolutionConfigurationPlatforms) = preSolution
		Debug|Any CPU = Debug|Any CPU
		Release|Any CPU = Release|Any CPU
	EndGlobalSection
	GlobalSection(ProjectConfigurationPlatforms) = postSolution
		{311F2B01-9472-428E-A284-BA1E7A0E7917}.Debug|Any CPU.ActiveCfg = Debug|Any CPU
		{311F2B01-9472-428E-A284-BA1E7A0E7917}.Debug|Any CPU.Build.0 = Debug|Any CPU
		{311F2B01-9472-428E-A284-BA1E7A0E7917}.Release|Any CPU.ActiveCfg = Release|Any CPU
		{311F2B01-9472-428E-A284-BA1E7A0E7917}.Release|Any CPU.Build.0 = Release|Any CPU
		{FE46071D-7934-4D2B-9AE9-6FEA5FD61AAD}.Debug|Any CPU.ActiveCfg = Debug|Any CPU
		{FE46071D-7934-4D2B-9AE9-6FEA5FD61AAD}.Debug|Any CPU.Build.0 = Debug|Any CPU
		{FE46071D-7934-4D2B-9AE9-6FEA5FD61AAD}.Release|Any CPU.ActiveCfg = Release|Any CPU
		{FE46071D-7934-4D2B-9AE9-6FEA5FD61AAD}.Release|Any CPU.Build.0 = Release|Any CPU
	EndGlobalSection
	GlobalSection(SolutionProperties) = preSolution
		HideSolutionNode = FALSE
	EndGlobalSection
	GlobalSection(ExtensibilityGlobals) = postSolution
		SolutionGuid = {EC42FE51-94F9-4736-A9FB-CBBE072A4F93}
	EndGlobalSection
EndGlobal
